{
    "_readme": [
        "This file locks the dependencies of your project to a known state",
        "Read more about it at http://getcomposer.org/doc/01-basic-usage.md#composer-lock-the-lock-file"
    ],
    "hash": "91b1db12b905bc2b97cd9b85060ccbf8",
    "packages": [
        {
            "name": "peej/tonic",
            "version": "v3.2",
            "source": {
                "type": "git",
                "url": "https://github.com/peej/tonic.git",
                "reference": "v3.2"
            },
            "dist": {
                "type": "zip",
                "url": "https://api.github.com/repos/peej/tonic/zipball/v3.2",
                "reference": "v3.2",
                "shasum": ""
            },
            "require": {
                "php": ">=5.3.0"
            },
            "require-dev": {
                "behat/behat": "2.*",
                "peej/phpdoctor": "dev-master",
                "phpspec/phpspec": "1.*"
            },
            "suggest": {
                "pimple/pimple": "A simple dependancy injection container to handle your services",
                "smarty/smarty": "PHP templating engine for building response representations"
            },
            "bin": [
                "web/dispatch.php"
            ],
            "type": "library",
            "autoload": {
                "psr-0": {
                    "Tonic": "src/"
                }
            },
            "notification-url": "https://packagist.org/downloads/",
            "license": [
                "MIT"
            ],
            "authors": [
                {
                    "name": "Paul James",
                    "email": "paul@peej.co.uk"
                }
            ],
            "description": "The RESTful Web App PHP Micro-Framework",
            "homepage": "http://peej.github.com/tonic",
            "keywords": [
                "microframework",
                "rest"
            ],
            "time": "2013-06-02 21:48:37"
        },
        {
            "name": "php-activerecord/php-activerecord",
            "version": "dev-develop",
            "source": {
                "type": "git",
                "url": "https://github.com/kla/php-activerecord.git",
                "reference": "bd34a3a6ea7662bc712fe48a7934701581001243"
            },
            "dist": {
                "type": "zip",
                "url": "https://api.github.com/repos/kla/php-activerecord/zipball/bd34a3a6ea7662bc712fe48a7934701581001243",
                "reference": "bd34a3a6ea7662bc712fe48a7934701581001243",
                "shasum": ""
            },
            "require": {
                "php": ">=5.3.0"
            },
            "type": "library",
            "autoload": {
                "files": [
                    "ActiveRecord.php"
                ]
            },
            "notification-url": "https://packagist.org/downloads/",
            "license": [
                "MIT"
            ],
            "description": "php-activerecord is an open source ORM library based on the ActiveRecord pattern.",
            "homepage": "http://www.phpactiverecord.org/",
            "keywords": [
                "activerecord",
                "orm"
            ],
            "time": "2013-04-23 20:33:34"
        }
    ],
    "packages-dev": [

    ],
    "aliases": [

    ],
    "minimum-stability": "stable",
    "stability-flags": {
        "php-activerecord/php-activerecord": 20
    },
    "platform": [

    ],
    "platform-dev": [

    ]
}
